
Microsoft Visual Studio Solution File, Format Version 12.00
# Visual Studio Version 16
VisualStudioVersion = 16.0.30621.155
MinimumVisualStudioVersion = 10.0.40219.1
Project("{FAE04EC0-301F-11D3-BF4B-00C04F79EFBC}") = "DependencyInversion", "DependencyInversion\DependencyInversion.csproj", "{A9269973-03E1-4F09-988D-1AE39B76A57A}"
EndProject
Global
	GlobalSection(SolutionConfigurationPlatforms) = preSolution
		Debug|Any CPU = Debug|Any CPU
		Release|Any CPU = Release|Any CPU
	EndGlobalSection
	GlobalSection(ProjectConfigurationPlatforms) = postSolution
		{A9269973-03E1-4F09-988D-1AE39B76A57A}.Debug|Any CPU.ActiveCfg = Debug|Any CPU
		{A9269973-03E1-4F09-988D-1AE39B76A57A}.Debug|Any CPU.Build.0 = Debug|Any CPU
		{A9269973-03E1-4F09-988D-1AE39B76A57A}.Release|Any CPU.ActiveCfg = Release|Any CPU
		{A9269973-03E1-4F09-988D-1AE39B76A57A}.Release|Any CPU.Build.0 = Release|Any CPU
	EndGlobalSection
	GlobalSection(SolutionProperties) = preSolution
		HideSolutionNode = FALSE
	EndGlobalSection
	GlobalSection(ExtensibilityGlobals) = postSolution
		SolutionGuid = {E2F72111-D102-4FD2-897A-A9326C08F17B}
	EndGlobalSection
EndGlobal
